// !$*UTF8*$!
{
	archiveVersion = 1;
	classes = {
	};
	objectVersion = 46;
	objects = {

/* Begin PBXBuildFile section */
		1D3623260D0F684500981E51 /* RCSwitchAppDelegate.m in Sources */ = {isa = PBXBuildFile; fileRef = 1D3623250D0F684500981E51 /* RCSwitchAppDelegate.m */; };
		1D60589B0D05DD56006BFB54 /* main.m in Sources */ = {isa = PBXBuildFile; fileRef = 29B97316FDCFA39411CA2CEA /* main.m */; };
		1D60589F0D05DD5A006BFB54 /* Foundation.framework in Frameworks */ = {isa = PBXBuildFile; fileRef = 1D30AB110D05D00D00671497 /* Foundation.framework */; };
		1DF5F4E00D08C38300B7A737 /* UIKit.framework in Frameworks */ = {isa = PBXBuildFile; fileRef = 1DF5F4DF0D08C38300B7A737 /* UIKit.framework */; };
		288765A50DF7441C002DB57D /* CoreGraphics.framework in Frameworks */ = {isa = PBXBuildFile; fileRef = 288765A40DF7441C002DB57D /* CoreGraphics.framework */; };
		28AD733F0D9D9553002E5188 /* MainWindow.xib in Resources */ = {isa = PBXBuildFile; fileRef = 28AD733E0D9D9553002E5188 /* MainWindow.xib */; };
		28D7ACF80DDB3853001CB0EB /* RCSwitchViewController.m in Sources */ = {isa = PBXBuildFile; fileRef = 28D7ACF70DDB3853001CB0EB /* RCSwitchViewController.m */; };
		554335F216FF793D0037EADD /* Default-568h@2x.png in Resources */ = {isa = PBXBuildFile; fileRef = 554335C916FF793D0037EADD /* Default-568h@2x.png */; };
		554335F316FF793D0037EADD /* Default.png in Resources */ = {isa = PBXBuildFile; fileRef = 554335CA16FF793D0037EADD /* Default.png */; };
		554335F416FF793D0037EADD /* Default@2x.png in Resources */ = {isa = PBXBuildFile; fileRef = 554335CB16FF793D0037EADD /* Default@2x.png */; };
		5543361216FF793D0037EADD /* btn_slider_international_off.png in Resources */ = {isa = PBXBuildFile; fileRef = 554335EE16FF793D0037EADD /* btn_slider_international_off.png */; };
		5543361316FF793D0037EADD /* btn_slider_international_off@2x.png in Resources */ = {isa = PBXBuildFile; fileRef = 554335EF16FF793D0037EADD /* btn_slider_international_off@2x.png */; };
		5543361416FF793D0037EADD /* btn_slider_international_on.png in Resources */ = {isa = PBXBuildFile; fileRef = 554335F016FF793D0037EADD /* btn_slider_international_on.png */; };
		5543361516FF793D0037EADD /* btn_slider_international_on@2x.png in Resources */ = {isa = PBXBuildFile; fileRef = 554335F116FF793D0037EADD /* btn_slider_international_on@2x.png */; };
		5543363A16FF7FC40037EADD /* btn_slider_off.png in Resources */ = {isa = PBXBuildFile; fileRef = 5543362E16FF7FC40037EADD /* btn_slider_off.png */; };
		5543363B16FF7FC40037EADD /* btn_slider_off@2x.png in Resources */ = {isa = PBXBuildFile; fileRef = 5543362F16FF7FC40037EADD /* btn_slider_off@2x.png */; };
		5543363C16FF7FC40037EADD /* btn_slider_on.png in Resources */ = {isa = PBXBuildFile; fileRef = 5543363016FF7FC40037EADD /* btn_slider_on.png */; };
		5543363D16FF7FC40037EADD /* btn_slider_on@2x.png in Resources */ = {isa = PBXBuildFile; fileRef = 5543363116FF7FC40037EADD /* btn_slider_on@2x.png */; };
		5543363E16FF7FC40037EADD /* btn_slider_thumb_pressed.png in Resources */ = {isa = PBXBuildFile; fileRef = 5543363216FF7FC40037EADD /* btn_slider_thumb_pressed.png */; };
		5543363F16FF7FC40037EADD /* btn_slider_thumb_pressed@2x.png in Resources */ = {isa = PBXBuildFile; fileRef = 5543363316FF7FC40037EADD /* btn_slider_thumb_pressed@2x.png */; };
		5543364016FF7FC40037EADD /* btn_slider_thumb.png in Resources */ = {isa = PBXBuildFile; fileRef = 5543363416FF7FC40037EADD /* btn_slider_thumb.png */; };
		5543364116FF7FC40037EADD /* btn_slider_thumb@2x.png in Resources */ = {isa = PBXBuildFile; fileRef = 5543363516FF7FC40037EADD /* btn_slider_thumb@2x.png */; };
		5543364816FF81200037EADD /* RCSwitchRayWenderlich.m in Sources */ = {isa = PBXBuildFile; fileRef = 5543364716FF81200037EADD /* RCSwitchRayWenderlich.m */; };
		5543364F16FF8C0C0037EADD /* reference.txt in Resources */ = {isa = PBXBuildFile; fileRef = 5543364A16FF8C0C0037EADD /* reference.txt */; };
		5543365016FF8C0C0037EADD /* switchBackground.png in Resources */ = {isa = PBXBuildFile; fileRef = 5543364B16FF8C0C0037EADD /* switchBackground.png */; };
		5543365116FF8C0C0037EADD /* switchBackground@2x.png in Resources */ = {isa = PBXBuildFile; fileRef = 5543364C16FF8C0C0037EADD /* switchBackground@2x.png */; };
		5543365216FF8C0C0037EADD /* switchHandle.png in Resources */ = {isa = PBXBuildFile; fileRef = 5543364D16FF8C0C0037EADD /* switchHandle.png */; };
		5543365316FF8C0C0037EADD /* switchHandle@2x.png in Resources */ = {isa = PBXBuildFile; fileRef = 5543364E16FF8C0C0037EADD /* switchHandle@2x.png */; };
		99255997142B1A490061C68B /* RCSwitchViewController.xib in Resources */ = {isa = PBXBuildFile; fileRef = 99255999142B1A490061C68B /* RCSwitchViewController.xib */; };
		9959C64F114C5C6500842058 /* RCSwitch.m in Sources */ = {isa = PBXBuildFile; fileRef = 9959C64E114C5C6500842058 /* RCSwitch.m */; };
		9959C9A1114C92BC00842058 /* QuartzCore.framework in Frameworks */ = {isa = PBXBuildFile; fileRef = 9959C9A0114C92BC00842058 /* QuartzCore.framework */; };
		9959CB8F114D820200842058 /* RCSwitchOnOff.m in Sources */ = {isa = PBXBuildFile; fileRef = 9959CB8E114D820200842058 /* RCSwitchOnOff.m */; };
		9959D11D115086B400842058 /* LICENSE in Resources */ = {isa = PBXBuildFile; fileRef = 9959D11C115086B400842058 /* LICENSE */; };
		99FF58C2127E4269001DFF1B /* RCSwitchClone.m in Sources */ = {isa = PBXBuildFile; fileRef = 99FF58C1127E4269001DFF1B /* RCSwitchClone.m */; };
		99FF5999127E4651001DFF1B /* Localizable.strings in Resources */ = {isa = PBXBuildFile; fileRef = 99FF5998127E4651001DFF1B /* Localizable.strings */; };
		9A795E38172D5E6A00BDB7AD /* README.md in Resources */ = {isa = PBXBuildFile; fileRef = 9A795E37172D5E6A00BDB7AD /* README.md */; };
/* End PBXBuildFile section */

/* Begin PBXFileReference section */
		1D30AB110D05D00D00671497 /* Foundation.framework */ = {isa = PBXFileReference; lastKnownFileType = wrapper.framework; name = Foundation.framework; path = System/Library/Frameworks/Foundation.framework; sourceTree = SDKROOT; };
		1D3623240D0F684500981E51 /* RCSwitchAppDelegate.h */ = {isa = PBXFileReference; fileEncoding = 4; lastKnownFileType = sourcecode.c.h; path = RCSwitchAppDelegate.h; sourceTree = "<group>"; };
		1D3623250D0F684500981E51 /* RCSwitchAppDelegate.m */ = {isa = PBXFileReference; fileEncoding = 4; lastKnownFileType = sourcecode.c.objc; path = RCSwitchAppDelegate.m; sourceTree = "<group>"; };
		1D6058910D05DD3D006BFB54 /* RCSwitch.app */ = {isa = PBXFileReference; explicitFileType = wrapper.application; includeInIndex = 0; path = RCSwitch.app; sourceTree = BUILT_PRODUCTS_DIR; };
		1DF5F4DF0D08C38300B7A737 /* UIKit.framework */ = {isa = PBXFileReference; lastKnownFileType = wrapper.framework; name = UIKit.framework; path = System/Library/Frameworks/UIKit.framework; sourceTree = SDKROOT; };
		288765A40DF7441C002DB57D /* CoreGraphics.framework */ = {isa = PBXFileReference; lastKnownFileType = wrapper.framework; name = CoreGraphics.framework; path = System/Library/Frameworks/CoreGraphics.framework; sourceTree = SDKROOT; };
		28AD733E0D9D9553002E5188 /* MainWindow.xib */ = {isa = PBXFileReference; lastKnownFileType = file.xib; path = MainWindow.xib; sourceTree = "<group>"; };
		28D7ACF60DDB3853001CB0EB /* RCSwitchViewController.h */ = {isa = PBXFileReference; fileEncoding = 4; lastKnownFileType = sourcecode.c.h; path = RCSwitchViewController.h; sourceTree = "<group>"; };
		28D7ACF70DDB3853001CB0EB /* RCSwitchViewController.m */ = {isa = PBXFileReference; fileEncoding = 4; lastKnownFileType = sourcecode.c.objc; path = RCSwitchViewController.m; sourceTree = "<group>"; };
		29B97316FDCFA39411CA2CEA /* main.m */ = {isa = PBXFileReference; fileEncoding = 4; lastKnownFileType = sourcecode.c.objc; path = main.m; sourceTree = "<group>"; };
		32CA4F630368D1EE00C91783 /* RCSwitch_Prefix.pch */ = {isa = PBXFileReference; fileEncoding = 4; lastKnownFileType = sourcecode.c.h; path = RCSwitch_Prefix.pch; sourceTree = "<group>"; };
		554335C916FF793D0037EADD /* Default-568h@2x.png */ = {isa = PBXFileReference; lastKnownFileType = image.png; path = "Default-568h@2x.png"; sourceTree = "<group>"; };
		554335CA16FF793D0037EADD /* Default.png */ = {isa = PBXFileReference; lastKnownFileType = image.png; path = Default.png; sourceTree = "<group>"; };
		554335CB16FF793D0037EADD /* Default@2x.png */ = {isa = PBXFileReference; lastKnownFileType = image.png; path = "Default@2x.png"; sourceTree = "<group>"; };
		554335EE16FF793D0037EADD /* btn_slider_international_off.png */ = {isa = PBXFileReference; lastKnownFileType = image.png; path = btn_slider_international_off.png; sourceTree = "<group>"; };
		554335EF16FF793D0037EADD /* btn_slider_international_off@2x.png */ = {isa = PBXFileReference; lastKnownFileType = image.png; path = "btn_slider_international_off@2x.png"; sourceTree = "<group>"; };
		554335F016FF793D0037EADD /* btn_slider_international_on.png */ = {isa = PBXFileReference; lastKnownFileType = image.png; path = btn_slider_international_on.png; sourceTree = "<group>"; };
		554335F116FF793D0037EADD /* btn_slider_international_on@2x.png */ = {isa = PBXFileReference; lastKnownFileType = image.png; path = "btn_slider_international_on@2x.png"; sourceTree = "<group>"; };
		5543362E16FF7FC40037EADD /* btn_slider_off.png */ = {isa = PBXFileReference; lastKnownFileType = image.png; path = btn_slider_off.png; sourceTree = "<group>"; };
		5543362F16FF7FC40037EADD /* btn_slider_off@2x.png */ = {isa = PBXFileReference; lastKnownFileType = image.png; path = "btn_slider_off@2x.png"; sourceTree = "<group>"; };
		5543363016FF7FC40037EADD /* btn_slider_on.png */ = {isa = PBXFileReference; lastKnownFileType = image.png; path = btn_slider_on.png; sourceTree = "<group>"; };
		5543363116FF7FC40037EADD /* btn_slider_on@2x.png */ = {isa = PBXFileReference; lastKnownFileType = image.png; path = "btn_slider_on@2x.png"; sourceTree = "<group>"; };
		5543363216FF7FC40037EADD /* btn_slider_thumb_pressed.png */ = {isa = PBXFileReference; lastKnownFileType = image.png; path = btn_slider_thumb_pressed.png; sourceTree = "<group>"; };
		5543363316FF7FC40037EADD /* btn_slider_thumb_pressed@2x.png */ = {isa = PBXFileReference; lastKnownFileType = image.png; path = "btn_slider_thumb_pressed@2x.png"; sourceTree = "<group>"; };
		5543363416FF7FC40037EADD /* btn_slider_thumb.png */ = {isa = PBXFileReference; lastKnownFileType = image.png; path = btn_slider_thumb.png; sourceTree = "<group>"; };
		5543363516FF7FC40037EADD /* btn_slider_thumb@2x.png */ = {isa = PBXFileReference; lastKnownFileType = image.png; path = "btn_slider_thumb@2x.png"; sourceTree = "<group>"; };
		5543364616FF81200037EADD /* RCSwitchRayWenderlich.h */ = {isa = PBXFileReference; fileEncoding = 4; lastKnownFileType = sourcecode.c.h; path = RCSwitchRayWenderlich.h; sourceTree = "<group>"; };
		5543364716FF81200037EADD /* RCSwitchRayWenderlich.m */ = {isa = PBXFileReference; fileEncoding = 4; lastKnownFileType = sourcecode.c.objc; path = RCSwitchRayWenderlich.m; sourceTree = "<group>"; };
		5543364A16FF8C0C0037EADD /* reference.txt */ = {isa = PBXFileReference; fileEncoding = 4; lastKnownFileType = text; path = reference.txt; sourceTree = "<group>"; };
		5543364B16FF8C0C0037EADD /* switchBackground.png */ = {isa = PBXFileReference; lastKnownFileType = image.png; path = switchBackground.png; sourceTree = "<group>"; };
		5543364C16FF8C0C0037EADD /* switchBackground@2x.png */ = {isa = PBXFileReference; lastKnownFileType = image.png; path = "switchBackground@2x.png"; sourceTree = "<group>"; };
		5543364D16FF8C0C0037EADD /* switchHandle.png */ = {isa = PBXFileReference; lastKnownFileType = image.png; path = switchHandle.png; sourceTree = "<group>"; };
		5543364E16FF8C0C0037EADD /* switchHandle@2x.png */ = {isa = PBXFileReference; lastKnownFileType = image.png; path = "switchHandle@2x.png"; sourceTree = "<group>"; };
		8D1107310486CEB800E47090 /* RCSwitch-Info.plist */ = {isa = PBXFileReference; fileEncoding = 4; lastKnownFileType = text.plist.xml; path = "RCSwitch-Info.plist"; plistStructureDefinitionIdentifier = "com.apple.xcode.plist.structure-definition.iphone.info-plist"; sourceTree = "<group>"; };
		99255998142B1A490061C68B /* English */ = {isa = PBXFileReference; lastKnownFileType = file.xib; name = English; path = English.lproj/RCSwitchViewController.xib; sourceTree = "<group>"; };
		9959C64D114C5C6500842058 /* RCSwitch.h */ = {isa = PBXFileReference; fileEncoding = 4; lastKnownFileType = sourcecode.c.h; path = RCSwitch.h; sourceTree = "<group>"; };
		9959C64E114C5C6500842058 /* RCSwitch.m */ = {isa = PBXFileReference; fileEncoding = 4; lastKnownFileType = sourcecode.c.objc; path = RCSwitch.m; sourceTree = "<group>"; };
		9959C9A0114C92BC00842058 /* QuartzCore.framework */ = {isa = PBXFileReference; lastKnownFileType = wrapper.framework; name = QuartzCore.framework; path = System/Library/Frameworks/QuartzCore.framework; sourceTree = SDKROOT; };
		9959CB8D114D820200842058 /* RCSwitchOnOff.h */ = {isa = PBXFileReference; fileEncoding = 4; lastKnownFileType = sourcecode.c.h; path = RCSwitchOnOff.h; sourceTree = "<group>"; };
		9959CB8E114D820200842058 /* RCSwitchOnOff.m */ = {isa = PBXFileReference; fileEncoding = 4; lastKnownFileType = sourcecode.c.objc; path = RCSwitchOnOff.m; sourceTree = "<group>"; };
		9959D11C115086B400842058 /* LICENSE */ = {isa = PBXFileReference; fileEncoding = 4; lastKnownFileType = text; path = LICENSE; sourceTree = "<group>"; };
		9974EF04142B1A6B00FEF35E /* ja */ = {isa = PBXFileReference; lastKnownFileType = file.xib; name = ja; path = ja.lproj/RCSwitchViewController.xib; sourceTree = "<group>"; };
		99D2EF1512E4A456005FCFD1 /* THANKS */ = {isa = PBXFileReference; fileEncoding = 4; lastKnownFileType = text; path = THANKS; sourceTree = "<group>"; };
		99FF58C0127E4269001DFF1B /* RCSwitchClone.h */ = {isa = PBXFileReference; fileEncoding = 4; lastKnownFileType = sourcecode.c.h; path = RCSwitchClone.h; sourceTree = "<group>"; };
		99FF58C1127E4269001DFF1B /* RCSwitchClone.m */ = {isa = PBXFileReference; fileEncoding = 4; lastKnownFileType = sourcecode.c.objc; path = RCSwitchClone.m; sourceTree = "<group>"; };
		99FF5994127E4637001DFF1B /* English */ = {isa = PBXFileReference; fileEncoding = 4; lastKnownFileType = text.plist.strings; name = English; path = English.lproj/Localizable.strings; sourceTree = "<group>"; };
		99FF599A127E4655001DFF1B /* Japanese */ = {isa = PBXFileReference; lastKnownFileType = text.plist.strings; name = Japanese; path = Japanese.lproj/Localizable.strings; sourceTree = "<group>"; };
		9A795E37172D5E6A00BDB7AD /* README.md */ = {isa = PBXFileReference; fileEncoding = 4; lastKnownFileType = text; path = README.md; sourceTree = "<group>"; };
		9A795E3A172D683200BDB7AD /* RCSwitchDelegateProtocol.h */ = {isa = PBXFileReference; lastKnownFileType = sourcecode.c.h; path = RCSwitchDelegateProtocol.h; sourceTree = "<group>"; };
/* End PBXFileReference section */

/* Begin PBXFrameworksBuildPhase section */
		1D60588F0D05DD3D006BFB54 /* Frameworks */ = {
			isa = PBXFrameworksBuildPhase;
			buildActionMask = 2147483647;
			files = (
				1D60589F0D05DD5A006BFB54 /* Foundation.framework in Frameworks */,
				1DF5F4E00D08C38300B7A737 /* UIKit.framework in Frameworks */,
				288765A50DF7441C002DB57D /* CoreGraphics.framework in Frameworks */,
				9959C9A1114C92BC00842058 /* QuartzCore.framework in Frameworks */,
			);
			runOnlyForDeploymentPostprocessing = 0;
		};
/* End PBXFrameworksBuildPhase section */

/* Begin PBXGroup section */
		080E96DDFE201D6D7F000001 /* Classes */ = {
			isa = PBXGroup;
			children = (
				1D3623240D0F684500981E51 /* RCSwitchAppDelegate.h */,
				1D3623250D0F684500981E51 /* RCSwitchAppDelegate.m */,
				28D7ACF60DDB3853001CB0EB /* RCSwitchViewController.h */,
				28D7ACF70DDB3853001CB0EB /* RCSwitchViewController.m */,
				9959C64D114C5C6500842058 /* RCSwitch.h */,
				9959C64E114C5C6500842058 /* RCSwitch.m */,
				9959CB8D114D820200842058 /* RCSwitchOnOff.h */,
				9959CB8E114D820200842058 /* RCSwitchOnOff.m */,
				99FF58C0127E4269001DFF1B /* RCSwitchClone.h */,
				99FF58C1127E4269001DFF1B /* RCSwitchClone.m */,
				5543364616FF81200037EADD /* RCSwitchRayWenderlich.h */,
				5543364716FF81200037EADD /* RCSwitchRayWenderlich.m */,
				9A795E3A172D683200BDB7AD /* RCSwitchDelegateProtocol.h */,
			);
			path = Classes;
			sourceTree = "<group>";
		};
		19C28FACFE9D520D11CA2CBB /* Products */ = {
			isa = PBXGroup;
			children = (
				1D6058910D05DD3D006BFB54 /* RCSwitch.app */,
			);
			name = Products;
			sourceTree = "<group>";
		};
		29B97314FDCFA39411CA2CEA /* CustomTemplate */ = {
			isa = PBXGroup;
			children = (
				080E96DDFE201D6D7F000001 /* Classes */,
				29B97315FDCFA39411CA2CEA /* Other Sources */,
				29B97317FDCFA39411CA2CEA /* Resources */,
				29B97323FDCFA39411CA2CEA /* Frameworks */,
				19C28FACFE9D520D11CA2CBB /* Products */,
				9959D11C115086B400842058 /* LICENSE */,
				99D2EF1512E4A456005FCFD1 /* THANKS */,
				9A795E37172D5E6A00BDB7AD /* README.md */,
			);
			name = CustomTemplate;
			sourceTree = "<group>";
		};
		29B97315FDCFA39411CA2CEA /* Other Sources */ = {
			isa = PBXGroup;
			children = (
				32CA4F630368D1EE00C91783 /* RCSwitch_Prefix.pch */,
				29B97316FDCFA39411CA2CEA /* main.m */,
			);
			name = "Other Sources";
			sourceTree = "<group>";
		};
		29B97317FDCFA39411CA2CEA /* Resources */ = {
			isa = PBXGroup;
			children = (
				554335C716FF793D0037EADD /* Images */,
				99255999142B1A490061C68B /* RCSwitchViewController.xib */,
				28AD733E0D9D9553002E5188 /* MainWindow.xib */,
				8D1107310486CEB800E47090 /* RCSwitch-Info.plist */,
				99FF5998127E4651001DFF1B /* Localizable.strings */,
			);
			name = Resources;
			sourceTree = "<group>";
		};
		29B97323FDCFA39411CA2CEA /* Frameworks */ = {
			isa = PBXGroup;
			children = (
				1DF5F4DF0D08C38300B7A737 /* UIKit.framework */,
				1D30AB110D05D00D00671497 /* Foundation.framework */,
				288765A40DF7441C002DB57D /* CoreGraphics.framework */,
				9959C9A0114C92BC00842058 /* QuartzCore.framework */,
			);
			name = Frameworks;
			sourceTree = "<group>";
		};
		554335C716FF793D0037EADD /* Images */ = {
			isa = PBXGroup;
			children = (
				554335C816FF793D0037EADD /* Launch */,
				5543364916FF8C0C0037EADD /* RayWenderlich */,
				554335D216FF793D0037EADD /* RCSwitch */,
				554335ED16FF793D0037EADD /* RCSwitchOnOff */,
			);
			path = Images;
			sourceTree = "<group>";
		};
		554335C816FF793D0037EADD /* Launch */ = {
			isa = PBXGroup;
			children = (
				554335C916FF793D0037EADD /* Default-568h@2x.png */,
				554335CA16FF793D0037EADD /* Default.png */,
				554335CB16FF793D0037EADD /* Default@2x.png */,
			);
			path = Launch;
			sourceTree = "<group>";
		};
		554335D216FF793D0037EADD /* RCSwitch */ = {
			isa = PBXGroup;
			children = (
				5543362E16FF7FC40037EADD /* btn_slider_off.png */,
				5543362F16FF7FC40037EADD /* btn_slider_off@2x.png */,
				5543363016FF7FC40037EADD /* btn_slider_on.png */,
				5543363116FF7FC40037EADD /* btn_slider_on@2x.png */,
				5543363216FF7FC40037EADD /* btn_slider_thumb_pressed.png */,
				5543363316FF7FC40037EADD /* btn_slider_thumb_pressed@2x.png */,
				5543363416FF7FC40037EADD /* btn_slider_thumb.png */,
				5543363516FF7FC40037EADD /* btn_slider_thumb@2x.png */,
			);
			path = RCSwitch;
			sourceTree = "<group>";
		};
		554335ED16FF793D0037EADD /* RCSwitchOnOff */ = {
			isa = PBXGroup;
			children = (
				554335EE16FF793D0037EADD /* btn_slider_international_off.png */,
				554335EF16FF793D0037EADD /* btn_slider_international_off@2x.png */,
				554335F016FF793D0037EADD /* btn_slider_international_on.png */,
				554335F116FF793D0037EADD /* btn_slider_international_on@2x.png */,
			);
			path = RCSwitchOnOff;
			sourceTree = "<group>";
		};
		5543364916FF8C0C0037EADD /* RayWenderlich */ = {
			isa = PBXGroup;
			children = (
				5543364A16FF8C0C0037EADD /* reference.txt */,
				5543364B16FF8C0C0037EADD /* switchBackground.png */,
				5543364C16FF8C0C0037EADD /* switchBackground@2x.png */,
				5543364D16FF8C0C0037EADD /* switchHandle.png */,
				5543364E16FF8C0C0037EADD /* switchHandle@2x.png */,
			);
			path = RayWenderlich;
			sourceTree = "<group>";
		};
/* End PBXGroup section */

/* Begin PBXNativeTarget section */
		1D6058900D05DD3D006BFB54 /* RCSwitch */ = {
			isa = PBXNativeTarget;
			buildConfigurationList = 1D6058960D05DD3E006BFB54 /* Build configuration list for PBXNativeTarget "RCSwitch" */;
			buildPhases = (
				1D60588D0D05DD3D006BFB54 /* Resources */,
				1D60588E0D05DD3D006BFB54 /* Sources */,
				1D60588F0D05DD3D006BFB54 /* Frameworks */,
			);
			buildRules = (
			);
			dependencies = (
			);
			name = RCSwitch;
			productName = WiSwitch;
			productReference = 1D6058910D05DD3D006BFB54 /* RCSwitch.app */;
			productType = "com.apple.product-type.application";
		};
/* End PBXNativeTarget section */

/* Begin PBXProject section */
		29B97313FDCFA39411CA2CEA /* Project object */ = {
			isa = PBXProject;
			attributes = {
				LastUpgradeCheck = 0460;
			};
			buildConfigurationList = C01FCF4E08A954540054247B /* Build configuration list for PBXProject "RCSwitch" */;
			compatibilityVersion = "Xcode 3.2";
			developmentRegion = English;
			hasScannedForEncodings = 1;
			knownRegions = (
				English,
				Japanese,
				French,
				German,
				ja,
			);
			mainGroup = 29B97314FDCFA39411CA2CEA /* CustomTemplate */;
			projectDirPath = "";
			projectRoot = "";
			targets = (
				1D6058900D05DD3D006BFB54 /* RCSwitch */,
			);
		};
/* End PBXProject section */

/* Begin PBXResourcesBuildPhase section */
		1D60588D0D05DD3D006BFB54 /* Resources */ = {
			isa = PBXResourcesBuildPhase;
			buildActionMask = 2147483647;
			files = (
				28AD733F0D9D9553002E5188 /* MainWindow.xib in Resources */,
				99255997142B1A490061C68B /* RCSwitchViewController.xib in Resources */,
				9959D11D115086B400842058 /* LICENSE in Resources */,
				99FF5999127E4651001DFF1B /* Localizable.strings in Resources */,
				554335F216FF793D0037EADD /* Default-568h@2x.png in Resources */,
				554335F316FF793D0037EADD /* Default.png in Resources */,
				554335F416FF793D0037EADD /* Default@2x.png in Resources */,
				5543361216FF793D0037EADD /* btn_slider_international_off.png in Resources */,
				5543361316FF793D0037EADD /* btn_slider_international_off@2x.png in Resources */,
				5543361416FF793D0037EADD /* btn_slider_international_on.png in Resources */,
				5543361516FF793D0037EADD /* btn_slider_international_on@2x.png in Resources */,
				5543363A16FF7FC40037EADD /* btn_slider_off.png in Resources */,
				5543363B16FF7FC40037EADD /* btn_slider_off@2x.png in Resources */,
				5543363C16FF7FC40037EADD /* btn_slider_on.png in Resources */,
				5543363D16FF7FC40037EADD /* btn_slider_on@2x.png in Resources */,
				5543363E16FF7FC40037EADD /* btn_slider_thumb_pressed.png in Resources */,
				5543363F16FF7FC40037EADD /* btn_slider_thumb_pressed@2x.png in Resources */,
				5543364016FF7FC40037EADD /* btn_slider_thumb.png in Resources */,
				5543364116FF7FC40037EADD /* btn_slider_thumb@2x.png in Resources */,
				5543364F16FF8C0C0037EADD /* reference.txt in Resources */,
				5543365016FF8C0C0037EADD /* switchBackground.png in Resources */,
				5543365116FF8C0C0037EADD /* switchBackground@2x.png in Resources */,
				5543365216FF8C0C0037EADD /* switchHandle.png in Resources */,
				5543365316FF8C0C0037EADD /* switchHandle@2x.png in Resources */,
				9A795E38172D5E6A00BDB7AD /* README.md in Resources */,
			);
			runOnlyForDeploymentPostprocessing = 0;
		};
/* End PBXResourcesBuildPhase section */

/* Begin PBXSourcesBuildPhase section */
		1D60588E0D05DD3D006BFB54 /* Sources */ = {
			isa = PBXSourcesBuildPhase;
			buildActionMask = 2147483647;
			files = (
				1D60589B0D05DD56006BFB54 /* main.m in Sources */,
				1D3623260D0F684500981E51 /* RCSwitchAppDelegate.m in Sources */,
				28D7ACF80DDB3853001CB0EB /* RCSwitchViewController.m in Sources */,
				9959C64F114C5C6500842058 /* RCSwitch.m in Sources */,
				9959CB8F114D820200842058 /* RCSwitchOnOff.m in Sources */,
				99FF58C2127E4269001DFF1B /* RCSwitchClone.m in Sources */,
				5543364816FF81200037EADD /* RCSwitchRayWenderlich.m in Sources */,
			);
			runOnlyForDeploymentPostprocessing = 0;
		};
/* End PBXSourcesBuildPhase section */

/* Begin PBXVariantGroup section */
		99255999142B1A490061C68B /* RCSwitchViewController.xib */ = {
			isa = PBXVariantGroup;
			children = (
				99255998142B1A490061C68B /* English */,
				9974EF04142B1A6B00FEF35E /* ja */,
			);
			name = RCSwitchViewController.xib;
			sourceTree = "<group>";
		};
		99FF5998127E4651001DFF1B /* Localizable.strings */ = {
			isa = PBXVariantGroup;
			children = (
				99FF5994127E4637001DFF1B /* English */,
				99FF599A127E4655001DFF1B /* Japanese */,
			);
			name = Localizable.strings;
			sourceTree = "<group>";
		};
/* End PBXVariantGroup section */

/* Begin XCBuildConfiguration section */
		1D6058940D05DD3E006BFB54 /* Debug */ = {
			isa = XCBuildConfiguration;
			buildSettings = {
				ALWAYS_SEARCH_USER_PATHS = NO;
				CLANG_ENABLE_OBJC_ARC = YES;
				COPY_PHASE_STRIP = NO;
				GCC_DYNAMIC_NO_PIC = NO;
				GCC_OPTIMIZATION_LEVEL = 0;
				GCC_PRECOMPILE_PREFIX_HEADER = YES;
				GCC_PREFIX_HEADER = RCSwitch_Prefix.pch;
				INFOPLIST_FILE = "RCSwitch-Info.plist";
				IPHONEOS_DEPLOYMENT_TARGET = 6.0;
				PRODUCT_NAME = RCSwitch;
			};
			name = Debug;
		};
		1D6058950D05DD3E006BFB54 /* Release */ = {
			isa = XCBuildConfiguration;
			buildSettings = {
				ALWAYS_SEARCH_USER_PATHS = NO;
				CLANG_ENABLE_OBJC_ARC = YES;
				COPY_PHASE_STRIP = YES;
				GCC_PRECOMPILE_PREFIX_HEADER = YES;
				GCC_PREFIX_HEADER = RCSwitch_Prefix.pch;
				INFOPLIST_FILE = "RCSwitch-Info.plist";
				IPHONEOS_DEPLOYMENT_TARGET = 6.0;
				PRODUCT_NAME = RCSwitch;
				VALIDATE_PRODUCT = YES;
			};
			name = Release;
		};
		C01FCF4F08A954540054247B /* Debug */ = {
			isa = XCBuildConfiguration;
			buildSettings = {
				ARCHS = "$(ARCHS_STANDARD_32_BIT)";
				"CODE_SIGN_IDENTITY[sdk=iphoneos*]" = "iPhone Developer";
				GCC_C_LANGUAGE_STANDARD = c99;
				GCC_WARN_ABOUT_RETURN_TYPE = YES;
				GCC_WARN_UNUSED_VARIABLE = YES;
				IPHONEOS_DEPLOYMENT_TARGET = 2.0;
				SDKROOT = iphoneos;
			};
			name = Debug;
		};
		C01FCF5008A954540054247B /* Release */ = {
			isa = XCBuildConfiguration;
			buildSettings = {
				ARCHS = "$(ARCHS_STANDARD_32_BIT)";
				"CODE_SIGN_IDENTITY[sdk=iphoneos*]" = "iPhone Developer";
				GCC_C_LANGUAGE_STANDARD = c99;
				GCC_WARN_ABOUT_RETURN_TYPE = YES;
				GCC_WARN_UNUSED_VARIABLE = YES;
				OTHER_CFLAGS = "-DNS_BLOCK_ASSERTIONS=1";
				SDKROOT = iphoneos;
			};
			name = Release;
		};
/* End XCBuildConfiguration section */

/* Begin XCConfigurationList section */
		1D6058960D05DD3E006BFB54 /* Build configuration list for PBXNativeTarget "RCSwitch" */ = {
			isa = XCConfigurationList;
			buildConfigurations = (
				1D6058940D05DD3E006BFB54 /* Debug */,
				1D6058950D05DD3E006BFB54 /* Release */,
			);
			defaultConfigurationIsVisible = 0;
			defaultConfigurationName = Release;
		};
		C01FCF4E08A954540054247B /* Build configuration list for PBXProject "RCSwitch" */ = {
			isa = XCConfigurationList;
			buildConfigurations = (
				C01FCF4F08A954540054247B /* Debug */,
				C01FCF5008A954540054247B /* Release */,
			);
			defaultConfigurationIsVisible = 0;
			defaultConfigurationName = Release;
		};
/* End XCConfigurationList section */
	};
	rootObject = 29B97313FDCFA39411CA2CEA /* Project object */;
}
